
Microsoft Visual Studio Solution File, Format Version 12.00
# Visual Studio Version 16
VisualStudioVersion = 16.0.30711.63
MinimumVisualStudioVersion = 10.0.40219.1
Project("{FAE04EC0-301F-11D3-BF4B-00C04F79EFBC}") = "Entreprise", "Entreprise\Entreprise.csproj", "{8A837BFC-2AE9-4988-8A82-7273DC0463FC}"
EndProject
Project("{FAE04EC0-301F-11D3-BF4B-00C04F79EFBC}") = "Entreprise.console", "Entreprise.console\Entreprise.console.csproj", "{70ED002F-8EF5-49E1-89A3-FC64E744DCF8}"
EndProject
Global
	GlobalSection(SolutionConfigurationPlatforms) = preSolution
		Debug|Any CPU = Debug|Any CPU
		Release|Any CPU = Release|Any CPU
	EndGlobalSection
	GlobalSection(ProjectConfigurationPlatforms) = postSolution
		{8A837BFC-2AE9-4988-8A82-7273DC0463FC}.Debug|Any CPU.ActiveCfg = Debug|Any CPU
		{8A837BFC-2AE9-4988-8A82-7273DC0463FC}.Debug|Any CPU.Build.0 = Debug|Any CPU
		{8A837BFC-2AE9-4988-8A82-7273DC0463FC}.Release|Any CPU.ActiveCfg = Release|Any CPU
		{8A837BFC-2AE9-4988-8A82-7273DC0463FC}.Release|Any CPU.Build.0 = Release|Any CPU
		{70ED002F-8EF5-49E1-89A3-FC64E744DCF8}.Debug|Any CPU.ActiveCfg = Debug|Any CPU
		{70ED002F-8EF5-49E1-89A3-FC64E744DCF8}.Debug|Any CPU.Build.0 = Debug|Any CPU
		{70ED002F-8EF5-49E1-89A3-FC64E744DCF8}.Release|Any CPU.ActiveCfg = Release|Any CPU
		{70ED002F-8EF5-49E1-89A3-FC64E744DCF8}.Release|Any CPU.Build.0 = Release|Any CPU
	EndGlobalSection
	GlobalSection(SolutionProperties) = preSolution
		HideSolutionNode = FALSE
	EndGlobalSection
	GlobalSection(ExtensibilityGlobals) = postSolution
		SolutionGuid = {094A6482-C51F-44F3-AA6A-B455726E274F}
	EndGlobalSection
EndGlobal
